// !$*UTF8*$!
{
	archiveVersion = 1;
	classes = {
	};
	objectVersion = 56;
	objects = {

/* Begin PBXBuildFile section */
		A32BD7982B2A37FF0081F270 /* Location_SwitcherApp.swift in Sources */ = {isa = PBXBuildFile; fileRef = A32BD7972B2A37FF0081F270 /* Location_SwitcherApp.swift */; };
		A32BD79A2B2A37FF0081F270 /* ContentView.swift in Sources */ = {isa = PBXBuildFile; fileRef = A32BD7992B2A37FF0081F270 /* ContentView.swift */; };
		A32BD79C2B2A37FF0081F270 /* Item.swift in Sources */ = {isa = PBXBuildFile; fileRef = A32BD79B2B2A37FF0081F270 /* Item.swift */; };
		A32BD79E2B2A38000081F270 /* Assets.xcassets in Resources */ = {isa = PBXBuildFile; fileRef = A32BD79D2B2A38000081F270 /* Assets.xcassets */; };
		A32BD7A12B2A38000081F270 /* Preview Assets.xcassets in Resources */ = {isa = PBXBuildFile; fileRef = A32BD7A02B2A38000081F270 /* Preview Assets.xcassets */; };
		A32BD7A92B2A392D0081F270 /* MapView.swift in Sources */ = {isa = PBXBuildFile; fileRef = A32BD7A82B2A392D0081F270 /* MapView.swift */; };
		A32BD7AC2B2A52F90081F270 /* Process.swift in Sources */ = {isa = PBXBuildFile; fileRef = A32BD7AB2B2A52F90081F270 /* Process.swift */; };
		A32BD7AF2B2A53AC0081F270 /* Models.swift in Sources */ = {isa = PBXBuildFile; fileRef = A32BD7AE2B2A53AC0081F270 /* Models.swift */; };
		A32BD7B12B2A53E20081F270 /* SimCtl.swift in Sources */ = {isa = PBXBuildFile; fileRef = A32BD7B02B2A53E20081F270 /* SimCtl.swift */; };
/* End PBXBuildFile section */

/* Begin PBXFileReference section */
		A32BD7942B2A37FF0081F270 /* Location Switcher.app */ = {isa = PBXFileReference; explicitFileType = wrapper.application; includeInIndex = 0; path = "Location Switcher.app"; sourceTree = BUILT_PRODUCTS_DIR; };
		A32BD7972B2A37FF0081F270 /* Location_SwitcherApp.swift */ = {isa = PBXFileReference; lastKnownFileType = sourcecode.swift; path = Location_SwitcherApp.swift; sourceTree = "<group>"; };
		A32BD7992B2A37FF0081F270 /* ContentView.swift */ = {isa = PBXFileReference; lastKnownFileType = sourcecode.swift; path = ContentView.swift; sourceTree = "<group>"; };
		A32BD79B2B2A37FF0081F270 /* Item.swift */ = {isa = PBXFileReference; lastKnownFileType = sourcecode.swift; path = Item.swift; sourceTree = "<group>"; };
		A32BD79D2B2A38000081F270 /* Assets.xcassets */ = {isa = PBXFileReference; lastKnownFileType = folder.assetcatalog; path = Assets.xcassets; sourceTree = "<group>"; };
		A32BD7A02B2A38000081F270 /* Preview Assets.xcassets */ = {isa = PBXFileReference; lastKnownFileType = folder.assetcatalog; path = "Preview Assets.xcassets"; sourceTree = "<group>"; };
		A32BD7A22B2A38000081F270 /* Location_Switcher.entitlements */ = {isa = PBXFileReference; lastKnownFileType = text.plist.entitlements; path = Location_Switcher.entitlements; sourceTree = "<group>"; };
		A32BD7A82B2A392D0081F270 /* MapView.swift */ = {isa = PBXFileReference; lastKnownFileType = sourcecode.swift; path = MapView.swift; sourceTree = "<group>"; };
		A32BD7AB2B2A52F90081F270 /* Process.swift */ = {isa = PBXFileReference; lastKnownFileType = sourcecode.swift; path = Process.swift; sourceTree = "<group>"; };
		A32BD7AE2B2A53AC0081F270 /* Models.swift */ = {isa = PBXFileReference; lastKnownFileType = sourcecode.swift; path = Models.swift; sourceTree = "<group>"; };
		A32BD7B02B2A53E20081F270 /* SimCtl.swift */ = {isa = PBXFileReference; lastKnownFileType = sourcecode.swift; path = SimCtl.swift; sourceTree = "<group>"; };
/* End PBXFileReference section */

/* Begin PBXFrameworksBuildPhase section */
		A32BD7912B2A37FF0081F270 /* Frameworks */ = {
			isa = PBXFrameworksBuildPhase;
			buildActionMask = 2147483647;
			files = (
			);
			runOnlyForDeploymentPostprocessing = 0;
		};
/* End PBXFrameworksBuildPhase section */

/* Begin PBXGroup section */
		A32BD78B2B2A37FE0081F270 = {
			isa = PBXGroup;
			children = (
				A32BD7962B2A37FF0081F270 /* Location Switcher */,
				A32BD7952B2A37FF0081F270 /* Products */,
			);
			sourceTree = "<group>";
		};
		A32BD7952B2A37FF0081F270 /* Products */ = {
			isa = PBXGroup;
			children = (
				A32BD7942B2A37FF0081F270 /* Location Switcher.app */,
			);
			name = Products;
			sourceTree = "<group>";
		};
		A32BD7962B2A37FF0081F270 /* Location Switcher */ = {
			isa = PBXGroup;
			children = (
				A32BD7AD2B2A53A00081F270 /* SimCtl */,
				A32BD7AA2B2A52E40081F270 /* Extensions */,
				A32BD7972B2A37FF0081F270 /* Location_SwitcherApp.swift */,
				A32BD7992B2A37FF0081F270 /* ContentView.swift */,
				A32BD7A82B2A392D0081F270 /* MapView.swift */,
				A32BD79B2B2A37FF0081F270 /* Item.swift */,
				A32BD79D2B2A38000081F270 /* Assets.xcassets */,
				A32BD7A22B2A38000081F270 /* Location_Switcher.entitlements */,
				A32BD79F2B2A38000081F270 /* Preview Content */,
			);
			path = "Location Switcher";
			sourceTree = "<group>";
		};
		A32BD79F2B2A38000081F270 /* Preview Content */ = {
			isa = PBXGroup;
			children = (
				A32BD7A02B2A38000081F270 /* Preview Assets.xcassets */,
			);
			path = "Preview Content";
			sourceTree = "<group>";
		};
		A32BD7AA2B2A52E40081F270 /* Extensions */ = {
			isa = PBXGroup;
			children = (
				A32BD7AB2B2A52F90081F270 /* Process.swift */,
			);
			path = Extensions;
			sourceTree = "<group>";
		};
		A32BD7AD2B2A53A00081F270 /* SimCtl */ = {
			isa = PBXGroup;
			children = (
				A32BD7AE2B2A53AC0081F270 /* Models.swift */,
				A32BD7B02B2A53E20081F270 /* SimCtl.swift */,
			);
			path = SimCtl;
			sourceTree = "<group>";
		};
/* End PBXGroup section */

/* Begin PBXNativeTarget section */
		A32BD7932B2A37FF0081F270 /* Location Switcher */ = {
			isa = PBXNativeTarget;
			buildConfigurationList = A32BD7A52B2A38000081F270 /* Build configuration list for PBXNativeTarget "Location Switcher" */;
			buildPhases = (
				A32BD7902B2A37FF0081F270 /* Sources */,
				A32BD7912B2A37FF0081F270 /* Frameworks */,
				A32BD7922B2A37FF0081F270 /* Resources */,
			);
			buildRules = (
			);
			dependencies = (
			);
			name = "Location Switcher";
			productName = "Location Switcher";
			productReference = A32BD7942B2A37FF0081F270 /* Location Switcher.app */;
			productType = "com.apple.product-type.application";
		};
/* End PBXNativeTarget section */

/* Begin PBXProject section */
		A32BD78C2B2A37FE0081F270 /* Project object */ = {
			isa = PBXProject;
			attributes = {
				BuildIndependentTargetsInParallel = 1;
				LastSwiftUpdateCheck = 1510;
				LastUpgradeCheck = 1510;
				TargetAttributes = {
					A32BD7932B2A37FF0081F270 = {
						CreatedOnToolsVersion = 15.1;
					};
				};
			};
			buildConfigurationList = A32BD78F2B2A37FE0081F270 /* Build configuration list for PBXProject "Location Switcher" */;
			compatibilityVersion = "Xcode 14.0";
			developmentRegion = en;
			hasScannedForEncodings = 0;
			knownRegions = (
				en,
				Base,
			);
			mainGroup = A32BD78B2B2A37FE0081F270;
			productRefGroup = A32BD7952B2A37FF0081F270 /* Products */;
			projectDirPath = "";
			projectRoot = "";
			targets = (
				A32BD7932B2A37FF0081F270 /* Location Switcher */,
			);
		};
/* End PBXProject section */

/* Begin PBXResourcesBuildPhase section */
		A32BD7922B2A37FF0081F270 /* Resources */ = {
			isa = PBXResourcesBuildPhase;
			buildActionMask = 2147483647;
			files = (
				A32BD7A12B2A38000081F270 /* Preview Assets.xcassets in Resources */,
				A32BD79E2B2A38000081F270 /* Assets.xcassets in Resources */,
			);
			runOnlyForDeploymentPostprocessing = 0;
		};
/* End PBXResourcesBuildPhase section */

/* Begin PBXSourcesBuildPhase section */
		A32BD7902B2A37FF0081F270 /* Sources */ = {
			isa = PBXSourcesBuildPhase;
			buildActionMask = 2147483647;
			files = (
				A32BD79A2B2A37FF0081F270 /* ContentView.swift in Sources */,
				A32BD7AC2B2A52F90081F270 /* Process.swift in Sources */,
				A32BD7B12B2A53E20081F270 /* SimCtl.swift in Sources */,
				A32BD7A92B2A392D0081F270 /* MapView.swift in Sources */,
				A32BD7AF2B2A53AC0081F270 /* Models.swift in Sources */,
				A32BD79C2B2A37FF0081F270 /* Item.swift in Sources */,
				A32BD7982B2A37FF0081F270 /* Location_SwitcherApp.swift in Sources */,
			);
			runOnlyForDeploymentPostprocessing = 0;
		};
/* End PBXSourcesBuildPhase section */

/* Begin XCBuildConfiguration section */
		A32BD7A32B2A38000081F270 /* Debug */ = {
			isa = XCBuildConfiguration;
			buildSettings = {
				ALWAYS_SEARCH_USER_PATHS = NO;
				ASSETCATALOG_COMPILER_GENERATE_SWIFT_ASSET_SYMBOL_EXTENSIONS = YES;
				CLANG_ANALYZER_NONNULL = YES;
				CLANG_ANALYZER_NUMBER_OBJECT_CONVERSION = YES_AGGRESSIVE;
				CLANG_CXX_LANGUAGE_STANDARD = "gnu++20";
				CLANG_ENABLE_MODULES = YES;
				CLANG_ENABLE_OBJC_ARC = YES;
				CLANG_ENABLE_OBJC_WEAK = YES;
				CLANG_WARN_BLOCK_CAPTURE_AUTORELEASING = YES;
				CLANG_WARN_BOOL_CONVERSION = YES;
				CLANG_WARN_COMMA = YES;
				CLANG_WARN_CONSTANT_CONVERSION = YES;
				CLANG_WARN_DEPRECATED_OBJC_IMPLEMENTATIONS = YES;
				CLANG_WARN_DIRECT_OBJC_ISA_USAGE = YES_ERROR;
				CLANG_WARN_DOCUMENTATION_COMMENTS = YES;
				CLANG_WARN_EMPTY_BODY = YES;
				CLANG_WARN_ENUM_CONVERSION = YES;
				CLANG_WARN_INFINITE_RECURSION = YES;
				CLANG_WARN_INT_CONVERSION = YES;
				CLANG_WARN_NON_LITERAL_NULL_CONVERSION = YES;
				CLANG_WARN_OBJC_IMPLICIT_RETAIN_SELF = YES;
				CLANG_WARN_OBJC_LITERAL_CONVERSION = YES;
				CLANG_WARN_OBJC_ROOT_CLASS = YES_ERROR;
				CLANG_WARN_QUOTED_INCLUDE_IN_FRAMEWORK_HEADER = YES;
				CLANG_WARN_RANGE_LOOP_ANALYSIS = YES;
				CLANG_WARN_STRICT_PROTOTYPES = YES;
				CLANG_WARN_SUSPICIOUS_MOVE = YES;
				CLANG_WARN_UNGUARDED_AVAILABILITY = YES_AGGRESSIVE;
				CLANG_WARN_UNREACHABLE_CODE = YES;
				CLANG_WARN__DUPLICATE_METHOD_MATCH = YES;
				COPY_PHASE_STRIP = NO;
				DEBUG_INFORMATION_FORMAT = dwarf;
				ENABLE_STRICT_OBJC_MSGSEND = YES;
				ENABLE_TESTABILITY = YES;
				ENABLE_USER_SCRIPT_SANDBOXING = YES;
				GCC_C_LANGUAGE_STANDARD = gnu17;
				GCC_DYNAMIC_NO_PIC = NO;
				GCC_NO_COMMON_BLOCKS = YES;
				GCC_OPTIMIZATION_LEVEL = 0;
				GCC_PREPROCESSOR_DEFINITIONS = (
					"DEBUG=1",
					"$(inherited)",
				);
				GCC_WARN_64_TO_32_BIT_CONVERSION = YES;
				GCC_WARN_ABOUT_RETURN_TYPE = YES_ERROR;
				GCC_WARN_UNDECLARED_SELECTOR = YES;
				GCC_WARN_UNINITIALIZED_AUTOS = YES_AGGRESSIVE;
				GCC_WARN_UNUSED_FUNCTION = YES;
				GCC_WARN_UNUSED_VARIABLE = YES;
				LOCALIZATION_PREFERS_STRING_CATALOGS = YES;
				MACOSX_DEPLOYMENT_TARGET = 14.2;
				MTL_ENABLE_DEBUG_INFO = INCLUDE_SOURCE;
				MTL_FAST_MATH = YES;
				ONLY_ACTIVE_ARCH = YES;
				SDKROOT = macosx;
				SWIFT_ACTIVE_COMPILATION_CONDITIONS = "DEBUG $(inherited)";
				SWIFT_OPTIMIZATION_LEVEL = "-Onone";
			};
			name = Debug;
		};
		A32BD7A42B2A38000081F270 /* Release */ = {
			isa = XCBuildConfiguration;
			buildSettings = {
				ALWAYS_SEARCH_USER_PATHS = NO;
				ASSETCATALOG_COMPILER_GENERATE_SWIFT_ASSET_SYMBOL_EXTENSIONS = YES;
				CLANG_ANALYZER_NONNULL = YES;
				CLANG_ANALYZER_NUMBER_OBJECT_CONVERSION = YES_AGGRESSIVE;
				CLANG_CXX_LANGUAGE_STANDARD = "gnu++20";
				CLANG_ENABLE_MODULES = YES;
				CLANG_ENABLE_OBJC_ARC = YES;
				CLANG_ENABLE_OBJC_WEAK = YES;
				CLANG_WARN_BLOCK_CAPTURE_AUTORELEASING = YES;
				CLANG_WARN_BOOL_CONVERSION = YES;
				CLANG_WARN_COMMA = YES;
				CLANG_WARN_CONSTANT_CONVERSION = YES;
				CLANG_WARN_DEPRECATED_OBJC_IMPLEMENTATIONS = YES;
				CLANG_WARN_DIRECT_OBJC_ISA_USAGE = YES_ERROR;
				CLANG_WARN_DOCUMENTATION_COMMENTS = YES;
				CLANG_WARN_EMPTY_BODY = YES;
				CLANG_WARN_ENUM_CONVERSION = YES;
				CLANG_WARN_INFINITE_RECURSION = YES;
				CLANG_WARN_INT_CONVERSION = YES;
				CLANG_WARN_NON_LITERAL_NULL_CONVERSION = YES;
				CLANG_WARN_OBJC_IMPLICIT_RETAIN_SELF = YES;
				CLANG_WARN_OBJC_LITERAL_CONVERSION = YES;
				CLANG_WARN_OBJC_ROOT_CLASS = YES_ERROR;
				CLANG_WARN_QUOTED_INCLUDE_IN_FRAMEWORK_HEADER = YES;
				CLANG_WARN_RANGE_LOOP_ANALYSIS = YES;
				CLANG_WARN_STRICT_PROTOTYPES = YES;
				CLANG_WARN_SUSPICIOUS_MOVE = YES;
				CLANG_WARN_UNGUARDED_AVAILABILITY = YES_AGGRESSIVE;
				CLANG_WARN_UNREACHABLE_CODE = YES;
				CLANG_WARN__DUPLICATE_METHOD_MATCH = YES;
				COPY_PHASE_STRIP = NO;
				DEBUG_INFORMATION_FORMAT = "dwarf-with-dsym";
				ENABLE_NS_ASSERTIONS = NO;
				ENABLE_STRICT_OBJC_MSGSEND = YES;
				ENABLE_USER_SCRIPT_SANDBOXING = YES;
				GCC_C_LANGUAGE_STANDARD = gnu17;
				GCC_NO_COMMON_BLOCKS = YES;
				GCC_WARN_64_TO_32_BIT_CONVERSION = YES;
				GCC_WARN_ABOUT_RETURN_TYPE = YES_ERROR;
				GCC_WARN_UNDECLARED_SELECTOR = YES;
				GCC_WARN_UNINITIALIZED_AUTOS = YES_AGGRESSIVE;
				GCC_WARN_UNUSED_FUNCTION = YES;
				GCC_WARN_UNUSED_VARIABLE = YES;
				LOCALIZATION_PREFERS_STRING_CATALOGS = YES;
				MACOSX_DEPLOYMENT_TARGET = 14.2;
				MTL_ENABLE_DEBUG_INFO = NO;
				MTL_FAST_MATH = YES;
				SDKROOT = macosx;
				SWIFT_COMPILATION_MODE = wholemodule;
			};
			name = Release;
		};
		A32BD7A62B2A38000081F270 /* Debug */ = {
			isa = XCBuildConfiguration;
			buildSettings = {
				ASSETCATALOG_COMPILER_APPICON_NAME = AppIcon;
				ASSETCATALOG_COMPILER_GLOBAL_ACCENT_COLOR_NAME = AccentColor;
				ASSETCATALOG_COMPILER_INCLUDE_ALL_APPICON_ASSETS = YES;
				CODE_SIGN_ENTITLEMENTS = "Location Switcher/Location_Switcher.entitlements";
				"CODE_SIGN_IDENTITY[sdk=macosx*]" = "Apple Development";
				CODE_SIGN_STYLE = Automatic;
				COMBINE_HIDPI_IMAGES = YES;
				CURRENT_PROJECT_VERSION = 1;
				DEVELOPMENT_ASSET_PATHS = "\"Location Switcher/Preview Content\"";
				DEVELOPMENT_TEAM = 87KNVHZ8C7;
				ENABLE_HARDENED_RUNTIME = YES;
				ENABLE_PREVIEWS = YES;
				GENERATE_INFOPLIST_FILE = YES;
				INFOPLIST_KEY_NSHumanReadableCopyright = "";
				LD_RUNPATH_SEARCH_PATHS = (
					"$(inherited)",
					"@executable_path/../Frameworks",
				);
				MACOSX_DEPLOYMENT_TARGET = 14.0;
				MARKETING_VERSION = 1.0;
				PRODUCT_BUNDLE_IDENTIFIER = "de.juliankahnert.Location-Switcher";
				PRODUCT_NAME = "$(TARGET_NAME)";
				SWIFT_EMIT_LOC_STRINGS = YES;
				SWIFT_VERSION = 5.0;
			};
			name = Debug;
		};
		A32BD7A72B2A38000081F270 /* Release */ = {
			isa = XCBuildConfiguration;
			buildSettings = {
				ASSETCATALOG_COMPILER_APPICON_NAME = AppIcon;
				ASSETCATALOG_COMPILER_GLOBAL_ACCENT_COLOR_NAME = AccentColor;
				ASSETCATALOG_COMPILER_INCLUDE_ALL_APPICON_ASSETS = YES;
				CODE_SIGN_ENTITLEMENTS = "Location Switcher/Location_Switcher.entitlements";
				"CODE_SIGN_IDENTITY[sdk=macosx*]" = "Apple Development";
				CODE_SIGN_STYLE = Automatic;
				COMBINE_HIDPI_IMAGES = YES;
				CURRENT_PROJECT_VERSION = 1;
				DEVELOPMENT_ASSET_PATHS = "\"Location Switcher/Preview Content\"";
				DEVELOPMENT_TEAM = 87KNVHZ8C7;
				ENABLE_HARDENED_RUNTIME = YES;
				ENABLE_PREVIEWS = YES;
				GENERATE_INFOPLIST_FILE = YES;
				INFOPLIST_KEY_NSHumanReadableCopyright = "";
				LD_RUNPATH_SEARCH_PATHS = (
					"$(inherited)",
					"@executable_path/../Frameworks",
				);
				MACOSX_DEPLOYMENT_TARGET = 14.0;
				MARKETING_VERSION = 1.0;
				PRODUCT_BUNDLE_IDENTIFIER = "de.juliankahnert.Location-Switcher";
				PRODUCT_NAME = "$(TARGET_NAME)";
				SWIFT_EMIT_LOC_STRINGS = YES;
				SWIFT_VERSION = 5.0;
			};
			name = Release;
		};
/* End XCBuildConfiguration section */

/* Begin XCConfigurationList section */
		A32BD78F2B2A37FE0081F270 /* Build configuration list for PBXProject "Location Switcher" */ = {
			isa = XCConfigurationList;
			buildConfigurations = (
				A32BD7A32B2A38000081F270 /* Debug */,
				A32BD7A42B2A38000081F270 /* Release */,
			);
			defaultConfigurationIsVisible = 0;
			defaultConfigurationName = Release;
		};
		A32BD7A52B2A38000081F270 /* Build configuration list for PBXNativeTarget "Location Switcher" */ = {
			isa = XCConfigurationList;
			buildConfigurations = (
				A32BD7A62B2A38000081F270 /* Debug */,
				A32BD7A72B2A38000081F270 /* Release */,
			);
			defaultConfigurationIsVisible = 0;
			defaultConfigurationName = Release;
		};
/* End XCConfigurationList section */
	};
	rootObject = A32BD78C2B2A37FE0081F270 /* Project object */;
}
